// !$*UTF8*$!
{
	archiveVersion = 1;
	classes = {
	};
	objectVersion = 56;
	objects = {

/* Begin PBXBuildFile section */
		E826A63D2DA41E3800D5A096 /* ReminderCloneApp.swift in Sources */ = {isa = PBXBuildFile; fileRef = E826A63C2DA41E3800D5A096 /* ReminderCloneApp.swift */; };
		E826A6412DA41E3A00D5A096 /* Assets.xcassets in Resources */ = {isa = PBXBuildFile; fileRef = E826A6402DA41E3A00D5A096 /* Assets.xcassets */; };
		E826A6442DA41E3A00D5A096 /* Preview Assets.xcassets in Resources */ = {isa = PBXBuildFile; fileRef = E826A6432DA41E3A00D5A096 /* Preview Assets.xcassets */; };
		E826A64C2DA431EF00D5A096 /* MyListScreen.swift in Sources */ = {isa = PBXBuildFile; fileRef = E826A64B2DA431EF00D5A096 /* MyListScreen.swift */; };
		E826A64E2DA4349C00D5A096 /* AddMyListScreen.swift in Sources */ = {isa = PBXBuildFile; fileRef = E826A64D2DA4349C00D5A096 /* AddMyListScreen.swift */; };
		E826A6512DA435B300D5A096 /* colorPickerView.swift in Sources */ = {isa = PBXBuildFile; fileRef = E826A6502DA435B300D5A096 /* colorPickerView.swift */; };
		E826A6542DA43BCB00D5A096 /* MyList.swift in Sources */ = {isa = PBXBuildFile; fileRef = E826A6532DA43BCB00D5A096 /* MyList.swift */; };
		E826A6562DA43DB000D5A096 /* PreviewContainer.swift in Sources */ = {isa = PBXBuildFile; fileRef = E826A6552DA43DB000D5A096 /* PreviewContainer.swift */; };
		E826A6592DA4441C00D5A096 /* Color+Extensions.swift in Sources */ = {isa = PBXBuildFile; fileRef = E826A6582DA4441C00D5A096 /* Color+Extensions.swift */; };
		E83EED222DAD7B6600B7E1C8 /* ReminderCellView.swift in Sources */ = {isa = PBXBuildFile; fileRef = E83EED212DAD7B6600B7E1C8 /* ReminderCellView.swift */; };
		E89C2C242DAAD47D00BABDC4 /* String+Extension.swift in Sources */ = {isa = PBXBuildFile; fileRef = E89C2C232DAAD47D00BABDC4 /* String+Extension.swift */; };
		E8CAF89C2DA53D9D00322834 /* Reminder.swift in Sources */ = {isa = PBXBuildFile; fileRef = E8CAF89B2DA53D9D00322834 /* Reminder.swift */; };
		E8CAF89E2DA5404B00322834 /* MyListDetailScreen.swift in Sources */ = {isa = PBXBuildFile; fileRef = E8CAF89D2DA5404B00322834 /* MyListDetailScreen.swift */; };
/* End PBXBuildFile section */

/* Begin PBXFileReference section */
		E826A6392DA41E3800D5A096 /* ReminderClone.app */ = {isa = PBXFileReference; explicitFileType = wrapper.application; includeInIndex = 0; path = ReminderClone.app; sourceTree = BUILT_PRODUCTS_DIR; };
		E826A63C2DA41E3800D5A096 /* ReminderCloneApp.swift */ = {isa = PBXFileReference; lastKnownFileType = sourcecode.swift; path = ReminderCloneApp.swift; sourceTree = "<group>"; };
		E826A6402DA41E3A00D5A096 /* Assets.xcassets */ = {isa = PBXFileReference; lastKnownFileType = folder.assetcatalog; path = Assets.xcassets; sourceTree = "<group>"; };
		E826A6432DA41E3A00D5A096 /* Preview Assets.xcassets */ = {isa = PBXFileReference; lastKnownFileType = folder.assetcatalog; path = "Preview Assets.xcassets"; sourceTree = "<group>"; };
		E826A64B2DA431EF00D5A096 /* MyListScreen.swift */ = {isa = PBXFileReference; lastKnownFileType = sourcecode.swift; path = MyListScreen.swift; sourceTree = "<group>"; };
		E826A64D2DA4349C00D5A096 /* AddMyListScreen.swift */ = {isa = PBXFileReference; lastKnownFileType = sourcecode.swift; path = AddMyListScreen.swift; sourceTree = "<group>"; };
		E826A6502DA435B300D5A096 /* colorPickerView.swift */ = {isa = PBXFileReference; lastKnownFileType = sourcecode.swift; path = colorPickerView.swift; sourceTree = "<group>"; };
		E826A6532DA43BCB00D5A096 /* MyList.swift */ = {isa = PBXFileReference; lastKnownFileType = sourcecode.swift; path = MyList.swift; sourceTree = "<group>"; };
		E826A6552DA43DB000D5A096 /* PreviewContainer.swift */ = {isa = PBXFileReference; lastKnownFileType = sourcecode.swift; path = PreviewContainer.swift; sourceTree = "<group>"; };
		E826A6582DA4441C00D5A096 /* Color+Extensions.swift */ = {isa = PBXFileReference; lastKnownFileType = sourcecode.swift; path = "Color+Extensions.swift"; sourceTree = "<group>"; };
		E83EED212DAD7B6600B7E1C8 /* ReminderCellView.swift */ = {isa = PBXFileReference; lastKnownFileType = sourcecode.swift; path = ReminderCellView.swift; sourceTree = "<group>"; };
		E89C2C232DAAD47D00BABDC4 /* String+Extension.swift */ = {isa = PBXFileReference; lastKnownFileType = sourcecode.swift; path = "String+Extension.swift"; sourceTree = "<group>"; };
		E8CAF89B2DA53D9D00322834 /* Reminder.swift */ = {isa = PBXFileReference; lastKnownFileType = sourcecode.swift; path = Reminder.swift; sourceTree = "<group>"; };
		E8CAF89D2DA5404B00322834 /* MyListDetailScreen.swift */ = {isa = PBXFileReference; lastKnownFileType = sourcecode.swift; path = MyListDetailScreen.swift; sourceTree = "<group>"; };
/* End PBXFileReference section */

/* Begin PBXFrameworksBuildPhase section */
		E826A6362DA41E3800D5A096 /* Frameworks */ = {
			isa = PBXFrameworksBuildPhase;
			buildActionMask = 2147483647;
			files = (
			);
			runOnlyForDeploymentPostprocessing = 0;
		};
/* End PBXFrameworksBuildPhase section */

/* Begin PBXGroup section */
		E826A6302DA41E3800D5A096 = {
			isa = PBXGroup;
			children = (
				E826A63B2DA41E3800D5A096 /* ReminderClone */,
				E826A63A2DA41E3800D5A096 /* Products */,
			);
			sourceTree = "<group>";
		};
		E826A63A2DA41E3800D5A096 /* Products */ = {
			isa = PBXGroup;
			children = (
				E826A6392DA41E3800D5A096 /* ReminderClone.app */,
			);
			name = Products;
			sourceTree = "<group>";
		};
		E826A63B2DA41E3800D5A096 /* ReminderClone */ = {
			isa = PBXGroup;
			children = (
				E826A6572DA443F200D5A096 /* Extension */,
				E826A6522DA43BA700D5A096 /* Models */,
				E826A64F2DA4357800D5A096 /* Views */,
				E826A64A2DA422F400D5A096 /* Screens */,
				E826A63C2DA41E3800D5A096 /* ReminderCloneApp.swift */,
				E826A6402DA41E3A00D5A096 /* Assets.xcassets */,
				E826A6422DA41E3A00D5A096 /* Preview Content */,
			);
			path = ReminderClone;
			sourceTree = "<group>";
		};
		E826A6422DA41E3A00D5A096 /* Preview Content */ = {
			isa = PBXGroup;
			children = (
				E826A6432DA41E3A00D5A096 /* Preview Assets.xcassets */,
				E826A6552DA43DB000D5A096 /* PreviewContainer.swift */,
			);
			path = "Preview Content";
			sourceTree = "<group>";
		};
		E826A64A2DA422F400D5A096 /* Screens */ = {
			isa = PBXGroup;
			children = (
				E826A64B2DA431EF00D5A096 /* MyListScreen.swift */,
				E826A64D2DA4349C00D5A096 /* AddMyListScreen.swift */,
				E8CAF89D2DA5404B00322834 /* MyListDetailScreen.swift */,
			);
			path = Screens;
			sourceTree = "<group>";
		};
		E826A64F2DA4357800D5A096 /* Views */ = {
			isa = PBXGroup;
			children = (
				E826A6502DA435B300D5A096 /* colorPickerView.swift */,
				E83EED212DAD7B6600B7E1C8 /* ReminderCellView.swift */,
			);
			path = Views;
			sourceTree = "<group>";
		};
		E826A6522DA43BA700D5A096 /* Models */ = {
			isa = PBXGroup;
			children = (
				E826A6532DA43BCB00D5A096 /* MyList.swift */,
				E8CAF89B2DA53D9D00322834 /* Reminder.swift */,
			);
			path = Models;
			sourceTree = "<group>";
		};
		E826A6572DA443F200D5A096 /* Extension */ = {
			isa = PBXGroup;
			children = (
				E826A6582DA4441C00D5A096 /* Color+Extensions.swift */,
				E89C2C232DAAD47D00BABDC4 /* String+Extension.swift */,
			);
			path = Extension;
			sourceTree = "<group>";
		};
/* End PBXGroup section */

/* Begin PBXNativeTarget section */
		E826A6382DA41E3800D5A096 /* ReminderClone */ = {
			isa = PBXNativeTarget;
			buildConfigurationList = E826A6472DA41E3A00D5A096 /* Build configuration list for PBXNativeTarget "ReminderClone" */;
			buildPhases = (
				E826A6352DA41E3800D5A096 /* Sources */,
				E826A6362DA41E3800D5A096 /* Frameworks */,
				E826A6372DA41E3800D5A096 /* Resources */,
			);
			buildRules = (
			);
			dependencies = (
			);
			name = ReminderClone;
			productName = ReminderClone;
			productReference = E826A6392DA41E3800D5A096 /* ReminderClone.app */;
			productType = "com.apple.product-type.application";
		};
/* End PBXNativeTarget section */

/* Begin PBXProject section */
		E826A6312DA41E3800D5A096 /* Project object */ = {
			isa = PBXProject;
			attributes = {
				BuildIndependentTargetsInParallel = 1;
				LastSwiftUpdateCheck = 1520;
				LastUpgradeCheck = 1520;
				TargetAttributes = {
					E826A6382DA41E3800D5A096 = {
						CreatedOnToolsVersion = 15.2;
					};
				};
			};
			buildConfigurationList = E826A6342DA41E3800D5A096 /* Build configuration list for PBXProject "ReminderClone" */;
			compatibilityVersion = "Xcode 14.0";
			developmentRegion = en;
			hasScannedForEncodings = 0;
			knownRegions = (
				en,
				Base,
			);
			mainGroup = E826A6302DA41E3800D5A096;
			productRefGroup = E826A63A2DA41E3800D5A096 /* Products */;
			projectDirPath = "";
			projectRoot = "";
			targets = (
				E826A6382DA41E3800D5A096 /* ReminderClone */,
			);
		};
/* End PBXProject section */

/* Begin PBXResourcesBuildPhase section */
		E826A6372DA41E3800D5A096 /* Resources */ = {
			isa = PBXResourcesBuildPhase;
			buildActionMask = 2147483647;
			files = (
				E826A6442DA41E3A00D5A096 /* Preview Assets.xcassets in Resources */,
				E826A6412DA41E3A00D5A096 /* Assets.xcassets in Resources */,
			);
			runOnlyForDeploymentPostprocessing = 0;
		};
/* End PBXResourcesBuildPhase section */

/* Begin PBXSourcesBuildPhase section */
		E826A6352DA41E3800D5A096 /* Sources */ = {
			isa = PBXSourcesBuildPhase;
			buildActionMask = 2147483647;
			files = (
				E826A64C2DA431EF00D5A096 /* MyListScreen.swift in Sources */,
				E826A6512DA435B300D5A096 /* colorPickerView.swift in Sources */,
				E826A6592DA4441C00D5A096 /* Color+Extensions.swift in Sources */,
				E826A63D2DA41E3800D5A096 /* ReminderCloneApp.swift in Sources */,
				E826A64E2DA4349C00D5A096 /* AddMyListScreen.swift in Sources */,
				E83EED222DAD7B6600B7E1C8 /* ReminderCellView.swift in Sources */,
				E826A6562DA43DB000D5A096 /* PreviewContainer.swift in Sources */,
				E8CAF89E2DA5404B00322834 /* MyListDetailScreen.swift in Sources */,
				E826A6542DA43BCB00D5A096 /* MyList.swift in Sources */,
				E89C2C242DAAD47D00BABDC4 /* String+Extension.swift in Sources */,
				E8CAF89C2DA53D9D00322834 /* Reminder.swift in Sources */,
			);
			runOnlyForDeploymentPostprocessing = 0;
		};
/* End PBXSourcesBuildPhase section */

/* Begin XCBuildConfiguration section */
		E826A6452DA41E3A00D5A096 /* Debug */ = {
			isa = XCBuildConfiguration;
			buildSettings = {
				ALWAYS_SEARCH_USER_PATHS = NO;
				ASSETCATALOG_COMPILER_GENERATE_SWIFT_ASSET_SYMBOL_EXTENSIONS = YES;
				CLANG_ANALYZER_NONNULL = YES;
				CLANG_ANALYZER_NUMBER_OBJECT_CONVERSION = YES_AGGRESSIVE;
				CLANG_CXX_LANGUAGE_STANDARD = "gnu++20";
				CLANG_ENABLE_MODULES = YES;
				CLANG_ENABLE_OBJC_ARC = YES;
				CLANG_ENABLE_OBJC_WEAK = YES;
				CLANG_WARN_BLOCK_CAPTURE_AUTORELEASING = YES;
				CLANG_WARN_BOOL_CONVERSION = YES;
				CLANG_WARN_COMMA = YES;
				CLANG_WARN_CONSTANT_CONVERSION = YES;
				CLANG_WARN_DEPRECATED_OBJC_IMPLEMENTATIONS = YES;
				CLANG_WARN_DIRECT_OBJC_ISA_USAGE = YES_ERROR;
				CLANG_WARN_DOCUMENTATION_COMMENTS = YES;
				CLANG_WARN_EMPTY_BODY = YES;
				CLANG_WARN_ENUM_CONVERSION = YES;
				CLANG_WARN_INFINITE_RECURSION = YES;
				CLANG_WARN_INT_CONVERSION = YES;
				CLANG_WARN_NON_LITERAL_NULL_CONVERSION = YES;
				CLANG_WARN_OBJC_IMPLICIT_RETAIN_SELF = YES;
				CLANG_WARN_OBJC_LITERAL_CONVERSION = YES;
				CLANG_WARN_OBJC_ROOT_CLASS = YES_ERROR;
				CLANG_WARN_QUOTED_INCLUDE_IN_FRAMEWORK_HEADER = YES;
				CLANG_WARN_RANGE_LOOP_ANALYSIS = YES;
				CLANG_WARN_STRICT_PROTOTYPES = YES;
				CLANG_WARN_SUSPICIOUS_MOVE = YES;
				CLANG_WARN_UNGUARDED_AVAILABILITY = YES_AGGRESSIVE;
				CLANG_WARN_UNREACHABLE_CODE = YES;
				CLANG_WARN__DUPLICATE_METHOD_MATCH = YES;
				COPY_PHASE_STRIP = NO;
				DEBUG_INFORMATION_FORMAT = dwarf;
				ENABLE_STRICT_OBJC_MSGSEND = YES;
				ENABLE_TESTABILITY = YES;
				ENABLE_USER_SCRIPT_SANDBOXING = YES;
				GCC_C_LANGUAGE_STANDARD = gnu17;
				GCC_DYNAMIC_NO_PIC = NO;
				GCC_NO_COMMON_BLOCKS = YES;
				GCC_OPTIMIZATION_LEVEL = 0;
				GCC_PREPROCESSOR_DEFINITIONS = (
					"DEBUG=1",
					"$(inherited)",
				);
				GCC_WARN_64_TO_32_BIT_CONVERSION = YES;
				GCC_WARN_ABOUT_RETURN_TYPE = YES_ERROR;
				GCC_WARN_UNDECLARED_SELECTOR = YES;
				GCC_WARN_UNINITIALIZED_AUTOS = YES_AGGRESSIVE;
				GCC_WARN_UNUSED_FUNCTION = YES;
				GCC_WARN_UNUSED_VARIABLE = YES;
				IPHONEOS_DEPLOYMENT_TARGET = 17.2;
				LOCALIZATION_PREFERS_STRING_CATALOGS = YES;
				MTL_ENABLE_DEBUG_INFO = INCLUDE_SOURCE;
				MTL_FAST_MATH = YES;
				ONLY_ACTIVE_ARCH = YES;
				SDKROOT = iphoneos;
				SWIFT_ACTIVE_COMPILATION_CONDITIONS = "DEBUG $(inherited)";
				SWIFT_OPTIMIZATION_LEVEL = "-Onone";
			};
			name = Debug;
		};
		E826A6462DA41E3A00D5A096 /* Release */ = {
			isa = XCBuildConfiguration;
			buildSettings = {
				ALWAYS_SEARCH_USER_PATHS = NO;
				ASSETCATALOG_COMPILER_GENERATE_SWIFT_ASSET_SYMBOL_EXTENSIONS = YES;
				CLANG_ANALYZER_NONNULL = YES;
				CLANG_ANALYZER_NUMBER_OBJECT_CONVERSION = YES_AGGRESSIVE;
				CLANG_CXX_LANGUAGE_STANDARD = "gnu++20";
				CLANG_ENABLE_MODULES = YES;
				CLANG_ENABLE_OBJC_ARC = YES;
				CLANG_ENABLE_OBJC_WEAK = YES;
				CLANG_WARN_BLOCK_CAPTURE_AUTORELEASING = YES;
				CLANG_WARN_BOOL_CONVERSION = YES;
				CLANG_WARN_COMMA = YES;
				CLANG_WARN_CONSTANT_CONVERSION = YES;
				CLANG_WARN_DEPRECATED_OBJC_IMPLEMENTATIONS = YES;
				CLANG_WARN_DIRECT_OBJC_ISA_USAGE = YES_ERROR;
				CLANG_WARN_DOCUMENTATION_COMMENTS = YES;
				CLANG_WARN_EMPTY_BODY = YES;
				CLANG_WARN_ENUM_CONVERSION = YES;
				CLANG_WARN_INFINITE_RECURSION = YES;
				CLANG_WARN_INT_CONVERSION = YES;
				CLANG_WARN_NON_LITERAL_NULL_CONVERSION = YES;
				CLANG_WARN_OBJC_IMPLICIT_RETAIN_SELF = YES;
				CLANG_WARN_OBJC_LITERAL_CONVERSION = YES;
				CLANG_WARN_OBJC_ROOT_CLASS = YES_ERROR;
				CLANG_WARN_QUOTED_INCLUDE_IN_FRAMEWORK_HEADER = YES;
				CLANG_WARN_RANGE_LOOP_ANALYSIS = YES;
				CLANG_WARN_STRICT_PROTOTYPES = YES;
				CLANG_WARN_SUSPICIOUS_MOVE = YES;
				CLANG_WARN_UNGUARDED_AVAILABILITY = YES_AGGRESSIVE;
				CLANG_WARN_UNREACHABLE_CODE = YES;
				CLANG_WARN__DUPLICATE_METHOD_MATCH = YES;
				COPY_PHASE_STRIP = NO;
				DEBUG_INFORMATION_FORMAT = "dwarf-with-dsym";
				ENABLE_NS_ASSERTIONS = NO;
				ENABLE_STRICT_OBJC_MSGSEND = YES;
				ENABLE_USER_SCRIPT_SANDBOXING = YES;
				GCC_C_LANGUAGE_STANDARD = gnu17;
				GCC_NO_COMMON_BLOCKS = YES;
				GCC_WARN_64_TO_32_BIT_CONVERSION = YES;
				GCC_WARN_ABOUT_RETURN_TYPE = YES_ERROR;
				GCC_WARN_UNDECLARED_SELECTOR = YES;
				GCC_WARN_UNINITIALIZED_AUTOS = YES_AGGRESSIVE;
				GCC_WARN_UNUSED_FUNCTION = YES;
				GCC_WARN_UNUSED_VARIABLE = YES;
				IPHONEOS_DEPLOYMENT_TARGET = 17.2;
				LOCALIZATION_PREFERS_STRING_CATALOGS = YES;
				MTL_ENABLE_DEBUG_INFO = NO;
				MTL_FAST_MATH = YES;
				SDKROOT = iphoneos;
				SWIFT_COMPILATION_MODE = wholemodule;
				VALIDATE_PRODUCT = YES;
			};
			name = Release;
		};
		E826A6482DA41E3A00D5A096 /* Debug */ = {
			isa = XCBuildConfiguration;
			buildSettings = {
				ASSETCATALOG_COMPILER_APPICON_NAME = AppIcon;
				ASSETCATALOG_COMPILER_GLOBAL_ACCENT_COLOR_NAME = AccentColor;
				CODE_SIGN_STYLE = Automatic;
				CURRENT_PROJECT_VERSION = 1;
				DEVELOPMENT_ASSET_PATHS = "\"ReminderClone/Preview Content\"";
				ENABLE_PREVIEWS = YES;
				GENERATE_INFOPLIST_FILE = YES;
				INFOPLIST_KEY_UIApplicationSceneManifest_Generation = YES;
				INFOPLIST_KEY_UIApplicationSupportsIndirectInputEvents = YES;
				INFOPLIST_KEY_UILaunchScreen_Generation = YES;
				INFOPLIST_KEY_UISupportedInterfaceOrientations_iPad = "UIInterfaceOrientationPortrait UIInterfaceOrientationPortraitUpsideDown UIInterfaceOrientationLandscapeLeft UIInterfaceOrientationLandscapeRight";
				INFOPLIST_KEY_UISupportedInterfaceOrientations_iPhone = "UIInterfaceOrientationPortrait UIInterfaceOrientationLandscapeLeft UIInterfaceOrientationLandscapeRight";
				LD_RUNPATH_SEARCH_PATHS = (
					"$(inherited)",
					"@executable_path/Frameworks",
				);
				MARKETING_VERSION = 1.0;
				PRODUCT_BUNDLE_IDENTIFIER = krunal.ReminderClone;
				PRODUCT_NAME = "$(TARGET_NAME)";
				SWIFT_EMIT_LOC_STRINGS = YES;
				SWIFT_VERSION = 5.0;
				TARGETED_DEVICE_FAMILY = "1,2";
			};
			name = Debug;
		};
		E826A6492DA41E3A00D5A096 /* Release */ = {
			isa = XCBuildConfiguration;
			buildSettings = {
				ASSETCATALOG_COMPILER_APPICON_NAME = AppIcon;
				ASSETCATALOG_COMPILER_GLOBAL_ACCENT_COLOR_NAME = AccentColor;
				CODE_SIGN_STYLE = Automatic;
				CURRENT_PROJECT_VERSION = 1;
				DEVELOPMENT_ASSET_PATHS = "\"ReminderClone/Preview Content\"";
				ENABLE_PREVIEWS = YES;
				GENERATE_INFOPLIST_FILE = YES;
				INFOPLIST_KEY_UIApplicationSceneManifest_Generation = YES;
				INFOPLIST_KEY_UIApplicationSupportsIndirectInputEvents = YES;
				INFOPLIST_KEY_UILaunchScreen_Generation = YES;
				INFOPLIST_KEY_UISupportedInterfaceOrientations_iPad = "UIInterfaceOrientationPortrait UIInterfaceOrientationPortraitUpsideDown UIInterfaceOrientationLandscapeLeft UIInterfaceOrientationLandscapeRight";
				INFOPLIST_KEY_UISupportedInterfaceOrientations_iPhone = "UIInterfaceOrientationPortrait UIInterfaceOrientationLandscapeLeft UIInterfaceOrientationLandscapeRight";
				LD_RUNPATH_SEARCH_PATHS = (
					"$(inherited)",
					"@executable_path/Frameworks",
				);
				MARKETING_VERSION = 1.0;
				PRODUCT_BUNDLE_IDENTIFIER = krunal.ReminderClone;
				PRODUCT_NAME = "$(TARGET_NAME)";
				SWIFT_EMIT_LOC_STRINGS = YES;
				SWIFT_VERSION = 5.0;
				TARGETED_DEVICE_FAMILY = "1,2";
			};
			name = Release;
		};
/* End XCBuildConfiguration section */

/* Begin XCConfigurationList section */
		E826A6342DA41E3800D5A096 /* Build configuration list for PBXProject "ReminderClone" */ = {
			isa = XCConfigurationList;
			buildConfigurations = (
				E826A6452DA41E3A00D5A096 /* Debug */,
				E826A6462DA41E3A00D5A096 /* Release */,
			);
			defaultConfigurationIsVisible = 0;
			defaultConfigurationName = Release;
		};
		E826A6472DA41E3A00D5A096 /* Build configuration list for PBXNativeTarget "ReminderClone" */ = {
			isa = XCConfigurationList;
			buildConfigurations = (
				E826A6482DA41E3A00D5A096 /* Debug */,
				E826A6492DA41E3A00D5A096 /* Release */,
			);
			defaultConfigurationIsVisible = 0;
			defaultConfigurationName = Release;
		};
/* End XCConfigurationList section */
	};
	rootObject = E826A6312DA41E3800D5A096 /* Project object */;
}
